{
  "name": "webgl-guide",
  "version": "1.0.0",
  "lockfileVersion": 1,
  "requires": true,
  "dependencies": {
    "@types/node": {
      "version": "14.0.22",
      "resolved": "https://registry.npm.taobao.org/@types/node/download/@types/node-14.0.22.tgz?cache=0&sync_timestamp=1594397594455&other_urls=https%3A%2F%2Fregistry.npm.taobao.org%2F%40types%2Fnode%2Fdownload%2F%40types%2Fnode-14.0.22.tgz",
      "integrity": "sha1-I+pNiBic7H1Y+ea2b3hrIV62G9w="
    },
    "typescript": {
      "version": "3.9.6",
      "resolved": "https://registry.npm.taobao.org/typescript/download/typescript-3.9.6.tgz?cache=0&sync_timestamp=1594450131065&other_urls=https%3A%2F%2Fregistry.npm.taobao.org%2Ftypescript%2Fdownload%2Ftypescript-3.9.6.tgz",
      "integrity": "sha1-jz4BmKNMOuFwkbNVcdOv0xmZNlo=",
      "dev": true
    }
  }
}
